// !$*UTF8*$!
{
	archiveVersion = 1;
	classes = {
	};
	objectVersion = 77;
	objects = {

/* Begin PBXBuildFile section */
		D86814752F2A197900098D7C /* PaddleTrackerWatch Watch App.app in Embed Watch Content */ = {isa = PBXBuildFile; fileRef = D86814742F2A197900098D7C /* PaddleTrackerWatch Watch App.app */; settings = {ATTRIBUTES = (RemoveHeadersOnCopy, ); }; };
/* End PBXBuildFile section */

/* Begin PBXContainerItemProxy section */
		D86814762F2A197900098D7C /* PBXContainerItemProxy */ = {
			isa = PBXContainerItemProxy;
			containerPortal = D86814682F2A197900098D7C /* Project object */;
			proxyType = 1;
			remoteGlobalIDString = D86814732F2A197900098D7C;
			remoteInfo = "PaddleTrackerWatch Watch App";
		};
		D86814872F2A197B00098D7C /* PBXContainerItemProxy */ = {
			isa = PBXContainerItemProxy;
			containerPortal = D86814682F2A197900098D7C /* Project object */;
			proxyType = 1;
			remoteGlobalIDString = D86814732F2A197900098D7C;
			remoteInfo = "PaddleTrackerWatch Watch App";
		};
		D86814912F2A197B00098D7C /* PBXContainerItemProxy */ = {
			isa = PBXContainerItemProxy;
			containerPortal = D86814682F2A197900098D7C /* Project object */;
			proxyType = 1;
			remoteGlobalIDString = D86814732F2A197900098D7C;
			remoteInfo = "PaddleTrackerWatch Watch App";
		};
/* End PBXContainerItemProxy section */

/* Begin PBXCopyFilesBuildPhase section */
		D868149D2F2A197B00098D7C /* Embed Watch Content */ = {
			isa = PBXCopyFilesBuildPhase;
			buildActionMask = 2147483647;
			dstPath = "$(CONTENTS_FOLDER_PATH)/Watch";
			dstSubfolderSpec = 16;
			files = (
				D86814752F2A197900098D7C /* PaddleTrackerWatch Watch App.app in Embed Watch Content */,
			);
			name = "Embed Watch Content";
			runOnlyForDeploymentPostprocessing = 0;
		};
/* End PBXCopyFilesBuildPhase section */

/* Begin PBXFileReference section */
		D868146E2F2A197900098D7C /* PaddleTrackerWatch.app */ = {isa = PBXFileReference; explicitFileType = wrapper.application; includeInIndex = 0; path = PaddleTrackerWatch.app; sourceTree = BUILT_PRODUCTS_DIR; };
		D86814742F2A197900098D7C /* PaddleTrackerWatch Watch App.app */ = {isa = PBXFileReference; explicitFileType = wrapper.application; includeInIndex = 0; path = "PaddleTrackerWatch Watch App.app"; sourceTree = BUILT_PRODUCTS_DIR; };
		D86814862F2A197B00098D7C /* PaddleTrackerWatch Watch AppTests.xctest */ = {isa = PBXFileReference; explicitFileType = wrapper.cfbundle; includeInIndex = 0; path = "PaddleTrackerWatch Watch AppTests.xctest"; sourceTree = BUILT_PRODUCTS_DIR; };
		D86814902F2A197B00098D7C /* PaddleTrackerWatch Watch AppUITests.xctest */ = {isa = PBXFileReference; explicitFileType = wrapper.cfbundle; includeInIndex = 0; path = "PaddleTrackerWatch Watch AppUITests.xctest"; sourceTree = BUILT_PRODUCTS_DIR; };
/* End PBXFileReference section */

/* Begin PBXFileSystemSynchronizedRootGroup section */
		D86814782F2A197900098D7C /* PaddleTrackerWatch Watch App */ = {
			isa = PBXFileSystemSynchronizedRootGroup;
			path = "PaddleTrackerWatch Watch App";
			sourceTree = "<group>";
		};
		D86814892F2A197B00098D7C /* PaddleTrackerWatch Watch AppTests */ = {
			isa = PBXFileSystemSynchronizedRootGroup;
			path = "PaddleTrackerWatch Watch AppTests";
			sourceTree = "<group>";
		};
		D86814932F2A197B00098D7C /* PaddleTrackerWatch Watch AppUITests */ = {
			isa = PBXFileSystemSynchronizedRootGroup;
			path = "PaddleTrackerWatch Watch AppUITests";
			sourceTree = "<group>";
		};
/* End PBXFileSystemSynchronizedRootGroup section */

/* Begin PBXFrameworksBuildPhase section */
		D86814712F2A197900098D7C /* Frameworks */ = {
			isa = PBXFrameworksBuildPhase;
			buildActionMask = 2147483647;
			files = (
			);
			runOnlyForDeploymentPostprocessing = 0;
		};
		D86814832F2A197B00098D7C /* Frameworks */ = {
			isa = PBXFrameworksBuildPhase;
			buildActionMask = 2147483647;
			files = (
			);
			runOnlyForDeploymentPostprocessing = 0;
		};
		D868148D2F2A197B00098D7C /* Frameworks */ = {
			isa = PBXFrameworksBuildPhase;
			buildActionMask = 2147483647;
			files = (
			);
			runOnlyForDeploymentPostprocessing = 0;
		};
/* End PBXFrameworksBuildPhase section */

/* Begin PBXGroup section */
		D86814672F2A197900098D7C = {
			isa = PBXGroup;
			children = (
				D86814782F2A197900098D7C /* PaddleTrackerWatch Watch App */,
				D86814892F2A197B00098D7C /* PaddleTrackerWatch Watch AppTests */,
				D86814932F2A197B00098D7C /* PaddleTrackerWatch Watch AppUITests */,
				D868146F2F2A197900098D7C /* Products */,
			);
			sourceTree = "<group>";
		};
		D868146F2F2A197900098D7C /* Products */ = {
			isa = PBXGroup;
			children = (
				D868146E2F2A197900098D7C /* PaddleTrackerWatch.app */,
				D86814742F2A197900098D7C /* PaddleTrackerWatch Watch App.app */,
				D86814862F2A197B00098D7C /* PaddleTrackerWatch Watch AppTests.xctest */,
				D86814902F2A197B00098D7C /* PaddleTrackerWatch Watch AppUITests.xctest */,
			);
			name = Products;
			sourceTree = "<group>";
		};
/* End PBXGroup section */

/* Begin PBXNativeTarget section */
		D868146D2F2A197900098D7C /* PaddleTrackerWatch */ = {
			isa = PBXNativeTarget;
			buildConfigurationList = D868149E2F2A197B00098D7C /* Build configuration list for PBXNativeTarget "PaddleTrackerWatch" */;
			buildPhases = (
				D868146C2F2A197900098D7C /* Resources */,
				D868149D2F2A197B00098D7C /* Embed Watch Content */,
			);
			buildRules = (
			);
			dependencies = (
				D86814772F2A197900098D7C /* PBXTargetDependency */,
			);
			name = PaddleTrackerWatch;
			packageProductDependencies = (
			);
			productName = PaddleTrackerWatch;
			productReference = D868146E2F2A197900098D7C /* PaddleTrackerWatch.app */;
			productType = "com.apple.product-type.application.watchapp2-container";
		};
		D86814732F2A197900098D7C /* PaddleTrackerWatch Watch App */ = {
			isa = PBXNativeTarget;
			buildConfigurationList = D868149A2F2A197B00098D7C /* Build configuration list for PBXNativeTarget "PaddleTrackerWatch Watch App" */;
			buildPhases = (
				D86814702F2A197900098D7C /* Sources */,
				D86814712F2A197900098D7C /* Frameworks */,
				D86814722F2A197900098D7C /* Resources */,
			);
			buildRules = (
			);
			dependencies = (
			);
			fileSystemSynchronizedGroups = (
				D86814782F2A197900098D7C /* PaddleTrackerWatch Watch App */,
			);
			name = "PaddleTrackerWatch Watch App";
			packageProductDependencies = (
			);
			productName = "PaddleTrackerWatch Watch App";
			productReference = D86814742F2A197900098D7C /* PaddleTrackerWatch Watch App.app */;
			productType = "com.apple.product-type.application";
		};
		D86814852F2A197B00098D7C /* PaddleTrackerWatch Watch AppTests */ = {
			isa = PBXNativeTarget;
			buildConfigurationList = D86814A12F2A197B00098D7C /* Build configuration list for PBXNativeTarget "PaddleTrackerWatch Watch AppTests" */;
			buildPhases = (
				D86814822F2A197B00098D7C /* Sources */,
				D86814832F2A197B00098D7C /* Frameworks */,
				D86814842F2A197B00098D7C /* Resources */,
			);
			buildRules = (
			);
			dependencies = (
				D86814882F2A197B00098D7C /* PBXTargetDependency */,
			);
			fileSystemSynchronizedGroups = (
				D86814892F2A197B00098D7C /* PaddleTrackerWatch Watch AppTests */,
			);
			name = "PaddleTrackerWatch Watch AppTests";
			packageProductDependencies = (
			);
			productName = "PaddleTrackerWatch Watch AppTests";
			productReference = D86814862F2A197B00098D7C /* PaddleTrackerWatch Watch AppTests.xctest */;
			productType = "com.apple.product-type.bundle.unit-test";
		};
		D868148F2F2A197B00098D7C /* PaddleTrackerWatch Watch AppUITests */ = {
			isa = PBXNativeTarget;
			buildConfigurationList = D86814A42F2A197B00098D7C /* Build configuration list for PBXNativeTarget "PaddleTrackerWatch Watch AppUITests" */;
			buildPhases = (
				D868148C2F2A197B00098D7C /* Sources */,
				D868148D2F2A197B00098D7C /* Frameworks */,
				D868148E2F2A197B00098D7C /* Resources */,
			);
			buildRules = (
			);
			dependencies = (
				D86814922F2A197B00098D7C /* PBXTargetDependency */,
			);
			fileSystemSynchronizedGroups = (
				D86814932F2A197B00098D7C /* PaddleTrackerWatch Watch AppUITests */,
			);
			name = "PaddleTrackerWatch Watch AppUITests";
			packageProductDependencies = (
			);
			productName = "PaddleTrackerWatch Watch AppUITests";
			productReference = D86814902F2A197B00098D7C /* PaddleTrackerWatch Watch AppUITests.xctest */;
			productType = "com.apple.product-type.bundle.ui-testing";
		};
/* End PBXNativeTarget section */

/* Begin PBXProject section */
		D86814682F2A197900098D7C /* Project object */ = {
			isa = PBXProject;
			attributes = {
				BuildIndependentTargetsInParallel = 1;
				LastSwiftUpdateCheck = 1620;
				LastUpgradeCheck = 1620;
				TargetAttributes = {
					D868146D2F2A197900098D7C = {
						CreatedOnToolsVersion = 16.2;
					};
					D86814732F2A197900098D7C = {
						CreatedOnToolsVersion = 16.2;
					};
					D86814852F2A197B00098D7C = {
						CreatedOnToolsVersion = 16.2;
						TestTargetID = D86814732F2A197900098D7C;
					};
					D868148F2F2A197B00098D7C = {
						CreatedOnToolsVersion = 16.2;
						TestTargetID = D86814732F2A197900098D7C;
					};
				};
			};
			buildConfigurationList = D868146B2F2A197900098D7C /* Build configuration list for PBXProject "PaddleTrackerWatch" */;
			developmentRegion = en;
			hasScannedForEncodings = 0;
			knownRegions = (
				en,
				Base,
			);
			mainGroup = D86814672F2A197900098D7C;
			minimizedProjectReferenceProxies = 1;
			preferredProjectObjectVersion = 77;
			productRefGroup = D868146F2F2A197900098D7C /* Products */;
			projectDirPath = "";
			projectRoot = "";
			targets = (
				D868146D2F2A197900098D7C /* PaddleTrackerWatch */,
				D86814732F2A197900098D7C /* PaddleTrackerWatch Watch App */,
				D86814852F2A197B00098D7C /* PaddleTrackerWatch Watch AppTests */,
				D868148F2F2A197B00098D7C /* PaddleTrackerWatch Watch AppUITests */,
			);
		};
/* End PBXProject section */

/* Begin PBXResourcesBuildPhase section */
		D868146C2F2A197900098D7C /* Resources */ = {
			isa = PBXResourcesBuildPhase;
			buildActionMask = 2147483647;
			files = (
			);
			runOnlyForDeploymentPostprocessing = 0;
		};
		D86814722F2A197900098D7C /* Resources */ = {
			isa = PBXResourcesBuildPhase;
			buildActionMask = 2147483647;
			files = (
			);
			runOnlyForDeploymentPostprocessing = 0;
		};
		D86814842F2A197B00098D7C /* Resources */ = {
			isa = PBXResourcesBuildPhase;
			buildActionMask = 2147483647;
			files = (
			);
			runOnlyForDeploymentPostprocessing = 0;
		};
		D868148E2F2A197B00098D7C /* Resources */ = {
			isa = PBXResourcesBuildPhase;
			buildActionMask = 2147483647;
			files = (
			);
			runOnlyForDeploymentPostprocessing = 0;
		};
/* End PBXResourcesBuildPhase section */

/* Begin PBXSourcesBuildPhase section */
		D86814702F2A197900098D7C /* Sources */ = {
			isa = PBXSourcesBuildPhase;
			buildActionMask = 2147483647;
			files = (
			);
			runOnlyForDeploymentPostprocessing = 0;
		};
		D86814822F2A197B00098D7C /* Sources */ = {
			isa = PBXSourcesBuildPhase;
			buildActionMask = 2147483647;
			files = (
			);
			runOnlyForDeploymentPostprocessing = 0;
		};
		D868148C2F2A197B00098D7C /* Sources */ = {
			isa = PBXSourcesBuildPhase;
			buildActionMask = 2147483647;
			files = (
			);
			runOnlyForDeploymentPostprocessing = 0;
		};
/* End PBXSourcesBuildPhase section */

/* Begin PBXTargetDependency section */
		D86814772F2A197900098D7C /* PBXTargetDependency */ = {
			isa = PBXTargetDependency;
			target = D86814732F2A197900098D7C /* PaddleTrackerWatch Watch App */;
			targetProxy = D86814762F2A197900098D7C /* PBXContainerItemProxy */;
		};
		D86814882F2A197B00098D7C /* PBXTargetDependency */ = {
			isa = PBXTargetDependency;
			target = D86814732F2A197900098D7C /* PaddleTrackerWatch Watch App */;
			targetProxy = D86814872F2A197B00098D7C /* PBXContainerItemProxy */;
		};
		D86814922F2A197B00098D7C /* PBXTargetDependency */ = {
			isa = PBXTargetDependency;
			target = D86814732F2A197900098D7C /* PaddleTrackerWatch Watch App */;
			targetProxy = D86814912F2A197B00098D7C /* PBXContainerItemProxy */;
		};
/* End PBXTargetDependency section */

/* Begin XCBuildConfiguration section */
		D86814982F2A197B00098D7C /* Debug */ = {
			isa = XCBuildConfiguration;
			buildSettings = {
				ALWAYS_SEARCH_USER_PATHS = NO;
				ASSETCATALOG_COMPILER_GENERATE_SWIFT_ASSET_SYMBOL_EXTENSIONS = YES;
				CLANG_ANALYZER_NONNULL = YES;
				CLANG_ANALYZER_NUMBER_OBJECT_CONVERSION = YES_AGGRESSIVE;
				CLANG_CXX_LANGUAGE_STANDARD = "gnu++20";
				CLANG_ENABLE_MODULES = YES;
				CLANG_ENABLE_OBJC_ARC = YES;
				CLANG_ENABLE_OBJC_WEAK = YES;
				CLANG_WARN_BLOCK_CAPTURE_AUTORELEASING = YES;
				CLANG_WARN_BOOL_CONVERSION = YES;
				CLANG_WARN_COMMA = YES;
				CLANG_WARN_CONSTANT_CONVERSION = YES;
				CLANG_WARN_DEPRECATED_OBJC_IMPLEMENTATIONS = YES;
				CLANG_WARN_DIRECT_OBJC_ISA_USAGE = YES_ERROR;
				CLANG_WARN_DOCUMENTATION_COMMENTS = YES;
				CLANG_WARN_EMPTY_BODY = YES;
				CLANG_WARN_ENUM_CONVERSION = YES;
				CLANG_WARN_INFINITE_RECURSION = YES;
				CLANG_WARN_INT_CONVERSION = YES;
				CLANG_WARN_NON_LITERAL_NULL_CONVERSION = YES;
				CLANG_WARN_OBJC_IMPLICIT_RETAIN_SELF = YES;
				CLANG_WARN_OBJC_LITERAL_CONVERSION = YES;
				CLANG_WARN_OBJC_ROOT_CLASS = YES_ERROR;
				CLANG_WARN_QUOTED_INCLUDE_IN_FRAMEWORK_HEADER = YES;
				CLANG_WARN_RANGE_LOOP_ANALYSIS = YES;
				CLANG_WARN_STRICT_PROTOTYPES = YES;
				CLANG_WARN_SUSPICIOUS_MOVE = YES;
				CLANG_WARN_UNGUARDED_AVAILABILITY = YES_AGGRESSIVE;
				CLANG_WARN_UNREACHABLE_CODE = YES;
				CLANG_WARN__DUPLICATE_METHOD_MATCH = YES;
				COPY_PHASE_STRIP = NO;
				DEBUG_INFORMATION_FORMAT = dwarf;
				ENABLE_STRICT_OBJC_MSGSEND = YES;
				ENABLE_TESTABILITY = YES;
				ENABLE_USER_SCRIPT_SANDBOXING = YES;
				GCC_C_LANGUAGE_STANDARD = gnu17;
				GCC_DYNAMIC_NO_PIC = NO;
				GCC_NO_COMMON_BLOCKS = YES;
				GCC_OPTIMIZATION_LEVEL = 0;
				GCC_PREPROCESSOR_DEFINITIONS = (
					"DEBUG=1",
					"$(inherited)",
				);
				GCC_WARN_64_TO_32_BIT_CONVERSION = YES;
				GCC_WARN_ABOUT_RETURN_TYPE = YES_ERROR;
				GCC_WARN_UNDECLARED_SELECTOR = YES;
				GCC_WARN_UNINITIALIZED_AUTOS = YES_AGGRESSIVE;
				GCC_WARN_UNUSED_FUNCTION = YES;
				GCC_WARN_UNUSED_VARIABLE = YES;
				LOCALIZATION_PREFERS_STRING_CATALOGS = YES;
				MTL_ENABLE_DEBUG_INFO = INCLUDE_SOURCE;
				MTL_FAST_MATH = YES;
				ONLY_ACTIVE_ARCH = YES;
				SWIFT_ACTIVE_COMPILATION_CONDITIONS = "DEBUG $(inherited)";
				SWIFT_OPTIMIZATION_LEVEL = "-Onone";
			};
			name = Debug;
		};
		D86814992F2A197B00098D7C /* Release */ = {
			isa = XCBuildConfiguration;
			buildSettings = {
				ALWAYS_SEARCH_USER_PATHS = NO;
				ASSETCATALOG_COMPILER_GENERATE_SWIFT_ASSET_SYMBOL_EXTENSIONS = YES;
				CLANG_ANALYZER_NONNULL = YES;
				CLANG_ANALYZER_NUMBER_OBJECT_CONVERSION = YES_AGGRESSIVE;
				CLANG_CXX_LANGUAGE_STANDARD = "gnu++20";
				CLANG_ENABLE_MODULES = YES;
				CLANG_ENABLE_OBJC_ARC = YES;
				CLANG_ENABLE_OBJC_WEAK = YES;
				CLANG_WARN_BLOCK_CAPTURE_AUTORELEASING = YES;
				CLANG_WARN_BOOL_CONVERSION = YES;
				CLANG_WARN_COMMA = YES;
				CLANG_WARN_CONSTANT_CONVERSION = YES;
				CLANG_WARN_DEPRECATED_OBJC_IMPLEMENTATIONS = YES;
				CLANG_WARN_DIRECT_OBJC_ISA_USAGE = YES_ERROR;
				CLANG_WARN_DOCUMENTATION_COMMENTS = YES;
				CLANG_WARN_EMPTY_BODY = YES;
				CLANG_WARN_ENUM_CONVERSION = YES;
				CLANG_WARN_INFINITE_RECURSION = YES;
				CLANG_WARN_INT_CONVERSION = YES;
				CLANG_WARN_NON_LITERAL_NULL_CONVERSION = YES;
				CLANG_WARN_OBJC_IMPLICIT_RETAIN_SELF = YES;
				CLANG_WARN_OBJC_LITERAL_CONVERSION = YES;
				CLANG_WARN_OBJC_ROOT_CLASS = YES_ERROR;
				CLANG_WARN_QUOTED_INCLUDE_IN_FRAMEWORK_HEADER = YES;
				CLANG_WARN_RANGE_LOOP_ANALYSIS = YES;
				CLANG_WARN_STRICT_PROTOTYPES = YES;
				CLANG_WARN_SUSPICIOUS_MOVE = YES;
				CLANG_WARN_UNGUARDED_AVAILABILITY = YES_AGGRESSIVE;
				CLANG_WARN_UNREACHABLE_CODE = YES;
				CLANG_WARN__DUPLICATE_METHOD_MATCH = YES;
				COPY_PHASE_STRIP = NO;
				DEBUG_INFORMATION_FORMAT = "dwarf-with-dsym";
				ENABLE_NS_ASSERTIONS = NO;
				ENABLE_STRICT_OBJC_MSGSEND = YES;
				ENABLE_USER_SCRIPT_SANDBOXING = YES;
				GCC_C_LANGUAGE_STANDARD = gnu17;
				GCC_NO_COMMON_BLOCKS = YES;
				GCC_WARN_64_TO_32_BIT_CONVERSION = YES;
				GCC_WARN_ABOUT_RETURN_TYPE = YES_ERROR;
				GCC_WARN_UNDECLARED_SELECTOR = YES;
				GCC_WARN_UNINITIALIZED_AUTOS = YES_AGGRESSIVE;
				GCC_WARN_UNUSED_FUNCTION = YES;
				GCC_WARN_UNUSED_VARIABLE = YES;
				LOCALIZATION_PREFERS_STRING_CATALOGS = YES;
				MTL_ENABLE_DEBUG_INFO = NO;
				MTL_FAST_MATH = YES;
				SWIFT_COMPILATION_MODE = wholemodule;
			};
			name = Release;
		};
		D868149B2F2A197B00098D7C /* Debug */ = {
			isa = XCBuildConfiguration;
			buildSettings = {
				ASSETCATALOG_COMPILER_APPICON_NAME = AppIcon;
				ASSETCATALOG_COMPILER_GLOBAL_ACCENT_COLOR_NAME = AccentColor;
				CODE_SIGN_STYLE = Automatic;
				CURRENT_PROJECT_VERSION = 1;
				DEVELOPMENT_ASSET_PATHS = "\"PaddleTrackerWatch Watch App/Preview Content\"";
				DEVELOPMENT_TEAM = N7S4SCY73P;
				ENABLE_PREVIEWS = YES;
				GENERATE_INFOPLIST_FILE = YES;
				INFOPLIST_KEY_CFBundleDisplayName = PaddleTrackerWatch;
				INFOPLIST_KEY_UISupportedInterfaceOrientations = "UIInterfaceOrientationPortrait UIInterfaceOrientationPortraitUpsideDown";
				INFOPLIST_KEY_WKWatchOnly = YES;
				LD_RUNPATH_SEARCH_PATHS = (
					"$(inherited)",
					"@executable_path/Frameworks",
				);
				MARKETING_VERSION = 1.0;
				PRODUCT_BUNDLE_IDENTIFIER = dskra.PaddleTrackerWatch.watchkitapp;
				PRODUCT_NAME = "$(TARGET_NAME)";
				SDKROOT = watchos;
				SKIP_INSTALL = YES;
				SWIFT_EMIT_LOC_STRINGS = YES;
				SWIFT_VERSION = 5.0;
				TARGETED_DEVICE_FAMILY = 4;
				WATCHOS_DEPLOYMENT_TARGET = 11.2;
			};
			name = Debug;
		};
		D868149C2F2A197B00098D7C /* Release */ = {
			isa = XCBuildConfiguration;
			buildSettings = {
				ASSETCATALOG_COMPILER_APPICON_NAME = AppIcon;
				ASSETCATALOG_COMPILER_GLOBAL_ACCENT_COLOR_NAME = AccentColor;
				CODE_SIGN_STYLE = Automatic;
				CURRENT_PROJECT_VERSION = 1;
				DEVELOPMENT_ASSET_PATHS = "\"PaddleTrackerWatch Watch App/Preview Content\"";
				DEVELOPMENT_TEAM = N7S4SCY73P;
				ENABLE_PREVIEWS = YES;
				GENERATE_INFOPLIST_FILE = YES;
				INFOPLIST_KEY_CFBundleDisplayName = PaddleTrackerWatch;
				INFOPLIST_KEY_UISupportedInterfaceOrientations = "UIInterfaceOrientationPortrait UIInterfaceOrientationPortraitUpsideDown";
				INFOPLIST_KEY_WKWatchOnly = YES;
				LD_RUNPATH_SEARCH_PATHS = (
					"$(inherited)",
					"@executable_path/Frameworks",
				);
				MARKETING_VERSION = 1.0;
				PRODUCT_BUNDLE_IDENTIFIER = dskra.PaddleTrackerWatch.watchkitapp;
				PRODUCT_NAME = "$(TARGET_NAME)";
				SDKROOT = watchos;
				SKIP_INSTALL = YES;
				SWIFT_EMIT_LOC_STRINGS = YES;
				SWIFT_VERSION = 5.0;
				TARGETED_DEVICE_FAMILY = 4;
				VALIDATE_PRODUCT = YES;
				WATCHOS_DEPLOYMENT_TARGET = 11.2;
			};
			name = Release;
		};
		D868149F2F2A197B00098D7C /* Debug */ = {
			isa = XCBuildConfiguration;
			buildSettings = {
				CODE_SIGN_STYLE = Automatic;
				CURRENT_PROJECT_VERSION = 1;
				DEVELOPMENT_TEAM = N7S4SCY73P;
				INFOPLIST_KEY_CFBundleDisplayName = PaddleTrackerWatch;
				MARKETING_VERSION = 1.0;
				PRODUCT_BUNDLE_IDENTIFIER = dskra.PaddleTrackerWatch;
				PRODUCT_NAME = "$(TARGET_NAME)";
				SDKROOT = iphoneos;
				SWIFT_VERSION = 5.0;
			};
			name = Debug;
		};
		D86814A02F2A197B00098D7C /* Release */ = {
			isa = XCBuildConfiguration;
			buildSettings = {
				CODE_SIGN_STYLE = Automatic;
				CURRENT_PROJECT_VERSION = 1;
				DEVELOPMENT_TEAM = N7S4SCY73P;
				INFOPLIST_KEY_CFBundleDisplayName = PaddleTrackerWatch;
				MARKETING_VERSION = 1.0;
				PRODUCT_BUNDLE_IDENTIFIER = dskra.PaddleTrackerWatch;
				PRODUCT_NAME = "$(TARGET_NAME)";
				SDKROOT = iphoneos;
				SWIFT_VERSION = 5.0;
				VALIDATE_PRODUCT = YES;
			};
			name = Release;
		};
		D86814A22F2A197B00098D7C /* Debug */ = {
			isa = XCBuildConfiguration;
			buildSettings = {
				BUNDLE_LOADER = "$(TEST_HOST)";
				CODE_SIGN_STYLE = Automatic;
				CURRENT_PROJECT_VERSION = 1;
				DEVELOPMENT_TEAM = N7S4SCY73P;
				GENERATE_INFOPLIST_FILE = YES;
				MARKETING_VERSION = 1.0;
				PRODUCT_BUNDLE_IDENTIFIER = "dskra.PaddleTrackerWatch-Watch-AppTests";
				PRODUCT_NAME = "$(TARGET_NAME)";
				SDKROOT = watchos;
				SWIFT_EMIT_LOC_STRINGS = NO;
				SWIFT_VERSION = 5.0;
				TARGETED_DEVICE_FAMILY = 4;
				TEST_HOST = "$(BUILT_PRODUCTS_DIR)/PaddleTrackerWatch Watch App.app/$(BUNDLE_EXECUTABLE_FOLDER_PATH)/PaddleTrackerWatch Watch App";
				WATCHOS_DEPLOYMENT_TARGET = 11.2;
			};
			name = Debug;
		};
		D86814A32F2A197B00098D7C /* Release */ = {
			isa = XCBuildConfiguration;
			buildSettings = {
				BUNDLE_LOADER = "$(TEST_HOST)";
				CODE_SIGN_STYLE = Automatic;
				CURRENT_PROJECT_VERSION = 1;
				DEVELOPMENT_TEAM = N7S4SCY73P;
				GENERATE_INFOPLIST_FILE = YES;
				MARKETING_VERSION = 1.0;
				PRODUCT_BUNDLE_IDENTIFIER = "dskra.PaddleTrackerWatch-Watch-AppTests";
				PRODUCT_NAME = "$(TARGET_NAME)";
				SDKROOT = watchos;
				SWIFT_EMIT_LOC_STRINGS = NO;
				SWIFT_VERSION = 5.0;
				TARGETED_DEVICE_FAMILY = 4;
				TEST_HOST = "$(BUILT_PRODUCTS_DIR)/PaddleTrackerWatch Watch App.app/$(BUNDLE_EXECUTABLE_FOLDER_PATH)/PaddleTrackerWatch Watch App";
				VALIDATE_PRODUCT = YES;
				WATCHOS_DEPLOYMENT_TARGET = 11.2;
			};
			name = Release;
		};
		D86814A52F2A197B00098D7C /* Debug */ = {
			isa = XCBuildConfiguration;
			buildSettings = {
				CODE_SIGN_STYLE = Automatic;
				CURRENT_PROJECT_VERSION = 1;
				DEVELOPMENT_TEAM = N7S4SCY73P;
				GENERATE_INFOPLIST_FILE = YES;
				MARKETING_VERSION = 1.0;
				PRODUCT_BUNDLE_IDENTIFIER = "dskra.PaddleTrackerWatch-Watch-AppUITests";
				PRODUCT_NAME = "$(TARGET_NAME)";
				SDKROOT = watchos;
				SWIFT_EMIT_LOC_STRINGS = NO;
				SWIFT_VERSION = 5.0;
				TARGETED_DEVICE_FAMILY = 4;
				TEST_TARGET_NAME = "PaddleTrackerWatch Watch App";
				WATCHOS_DEPLOYMENT_TARGET = 11.2;
			};
			name = Debug;
		};
		D86814A62F2A197B00098D7C /* Release */ = {
			isa = XCBuildConfiguration;
			buildSettings = {
				CODE_SIGN_STYLE = Automatic;
				CURRENT_PROJECT_VERSION = 1;
				DEVELOPMENT_TEAM = N7S4SCY73P;
				GENERATE_INFOPLIST_FILE = YES;
				MARKETING_VERSION = 1.0;
				PRODUCT_BUNDLE_IDENTIFIER = "dskra.PaddleTrackerWatch-Watch-AppUITests";
				PRODUCT_NAME = "$(TARGET_NAME)";
				SDKROOT = watchos;
				SWIFT_EMIT_LOC_STRINGS = NO;
				SWIFT_VERSION = 5.0;
				TARGETED_DEVICE_FAMILY = 4;
				TEST_TARGET_NAME = "PaddleTrackerWatch Watch App";
				VALIDATE_PRODUCT = YES;
				WATCHOS_DEPLOYMENT_TARGET = 11.2;
			};
			name = Release;
		};
/* End XCBuildConfiguration section */

/* Begin XCConfigurationList section */
		D868146B2F2A197900098D7C /* Build configuration list for PBXProject "PaddleTrackerWatch" */ = {
			isa = XCConfigurationList;
			buildConfigurations = (
				D86814982F2A197B00098D7C /* Debug */,
				D86814992F2A197B00098D7C /* Release */,
			);
			defaultConfigurationIsVisible = 0;
			defaultConfigurationName = Release;
		};
		D868149A2F2A197B00098D7C /* Build configuration list for PBXNativeTarget "PaddleTrackerWatch Watch App" */ = {
			isa = XCConfigurationList;
			buildConfigurations = (
				D868149B2F2A197B00098D7C /* Debug */,
				D868149C2F2A197B00098D7C /* Release */,
			);
			defaultConfigurationIsVisible = 0;
			defaultConfigurationName = Release;
		};
		D868149E2F2A197B00098D7C /* Build configuration list for PBXNativeTarget "PaddleTrackerWatch" */ = {
			isa = XCConfigurationList;
			buildConfigurations = (
				D868149F2F2A197B00098D7C /* Debug */,
				D86814A02F2A197B00098D7C /* Release */,
			);
			defaultConfigurationIsVisible = 0;
			defaultConfigurationName = Release;
		};
		D86814A12F2A197B00098D7C /* Build configuration list for PBXNativeTarget "PaddleTrackerWatch Watch AppTests" */ = {
			isa = XCConfigurationList;
			buildConfigurations = (
				D86814A22F2A197B00098D7C /* Debug */,
				D86814A32F2A197B00098D7C /* Release */,
			);
			defaultConfigurationIsVisible = 0;
			defaultConfigurationName = Release;
		};
		D86814A42F2A197B00098D7C /* Build configuration list for PBXNativeTarget "PaddleTrackerWatch Watch AppUITests" */ = {
			isa = XCConfigurationList;
			buildConfigurations = (
				D86814A52F2A197B00098D7C /* Debug */,
				D86814A62F2A197B00098D7C /* Release */,
			);
			defaultConfigurationIsVisible = 0;
			defaultConfigurationName = Release;
		};
/* End XCConfigurationList section */
	};
	rootObject = D86814682F2A197900098D7C /* Project object */;
}
